// !$*UTF8*$!
{
	archiveVersion = 1;
	classes = {
	};
	objectVersion = 55;
	objects = {

/* Begin PBXBuildFile section */
		2585457536E3C3F568F3A4AC /* Pods_Join.framework in Frameworks */ = {isa = PBXBuildFile; fileRef = 95A33A59C05820643F8B2FFB /* Pods_Join.framework */; };
		BF42FA35290BE2AA00501789 /* AppDelegate.swift in Sources */ = {isa = PBXBuildFile; fileRef = BF42FA34290BE2AA00501789 /* AppDelegate.swift */; };
		BF42FA37290BE2AA00501789 /* SceneDelegate.swift in Sources */ = {isa = PBXBuildFile; fileRef = BF42FA36290BE2AA00501789 /* SceneDelegate.swift */; };
		BF42FA39290BE2AA00501789 /* FindIdeasViewController.swift in Sources */ = {isa = PBXBuildFile; fileRef = BF42FA38290BE2AA00501789 /* FindIdeasViewController.swift */; };
		BF42FA3C290BE2AA00501789 /* Main.storyboard in Resources */ = {isa = PBXBuildFile; fileRef = BF42FA3A290BE2AA00501789 /* Main.storyboard */; };
		BF42FA3E290BE2AC00501789 /* Assets.xcassets in Resources */ = {isa = PBXBuildFile; fileRef = BF42FA3D290BE2AC00501789 /* Assets.xcassets */; };
		BF42FA41290BE2AC00501789 /* LaunchScreen.storyboard in Resources */ = {isa = PBXBuildFile; fileRef = BF42FA3F290BE2AC00501789 /* LaunchScreen.storyboard */; };
		BF42FA56290CE89500501789 /* TabBarController.swift in Sources */ = {isa = PBXBuildFile; fileRef = BF42FA55290CE89500501789 /* TabBarController.swift */; };
		BF42FA58290CEA5900501789 /* FindIdeas.storyboard in Resources */ = {isa = PBXBuildFile; fileRef = BF42FA57290CEA5900501789 /* FindIdeas.storyboard */; };
		BF42FA5C290CED6C00501789 /* FindPartners.storyboard in Resources */ = {isa = PBXBuildFile; fileRef = BF42FA59290CEA7F00501789 /* FindPartners.storyboard */; };
		BF42FA5D290CED7100501789 /* Chat.storyboard in Resources */ = {isa = PBXBuildFile; fileRef = BF42FA5A290CEAB500501789 /* Chat.storyboard */; };
		BF42FA5E290CED7400501789 /* Personal.storyboard in Resources */ = {isa = PBXBuildFile; fileRef = BF42FA5B290CEAD500501789 /* Personal.storyboard */; };
		BF42FA61290CEF4700501789 /* UIStoryboard+Ext.swift in Sources */ = {isa = PBXBuildFile; fileRef = BF42FA60290CEF4700501789 /* UIStoryboard+Ext.swift */; };
		BF42FA67290D04EF00501789 /* FindPartnersFormSections.swift in Sources */ = {isa = PBXBuildFile; fileRef = BF42FA66290D04EF00501789 /* FindPartnersFormSections.swift */; };
		BF42FA6E290D178400501789 /* UIView+Ext.swift in Sources */ = {isa = PBXBuildFile; fileRef = BF42FA6D290D178400501789 /* UIView+Ext.swift */; };
		BF42FA71290D196200501789 /* SingleLineInputCell.swift in Sources */ = {isa = PBXBuildFile; fileRef = BF42FA70290D196200501789 /* SingleLineInputCell.swift */; };
		BF42FA73290D197000501789 /* TableViewCell.swift in Sources */ = {isa = PBXBuildFile; fileRef = BF42FA72290D197000501789 /* TableViewCell.swift */; };
		BF42FA76290D1CD800501789 /* FindPartnersBasicViewController.swift in Sources */ = {isa = PBXBuildFile; fileRef = BF42FA75290D1CD800501789 /* FindPartnersBasicViewController.swift */; };
		BF42FA79290D264100501789 /* SingleLineInputCell.xib in Resources */ = {isa = PBXBuildFile; fileRef = BF42FA6B290D160900501789 /* SingleLineInputCell.xib */; };
		BF42FA7D290D2ADB00501789 /* MultilineInputCell.swift in Sources */ = {isa = PBXBuildFile; fileRef = BF42FA7B290D2ADB00501789 /* MultilineInputCell.swift */; };
		BF42FA7E290D2ADB00501789 /* MultilineInputCell.xib in Resources */ = {isa = PBXBuildFile; fileRef = BF42FA7C290D2ADB00501789 /* MultilineInputCell.xib */; };
		BF42FA81290D31EF00501789 /* GoNextPageCell.swift in Sources */ = {isa = PBXBuildFile; fileRef = BF42FA7F290D31EF00501789 /* GoNextPageCell.swift */; };
		BF42FA82290D31EF00501789 /* GoNextPageCell.xib in Resources */ = {isa = PBXBuildFile; fileRef = BF42FA80290D31EF00501789 /* GoNextPageCell.xib */; };
		BF42FAAE290F6B8000501789 /* GoogleService-Info.plist in Resources */ = {isa = PBXBuildFile; fileRef = BF42FAAD290F6B7F00501789 /* GoogleService-Info.plist */; };
		BF42FAB0290F7E9000501789 /* SelectionCategoriesViewController.swift in Sources */ = {isa = PBXBuildFile; fileRef = BF42FAAF290F7E9000501789 /* SelectionCategoriesViewController.swift */; };
/* End PBXBuildFile section */

/* Begin PBXFileReference section */
		95A33A59C05820643F8B2FFB /* Pods_Join.framework */ = {isa = PBXFileReference; explicitFileType = wrapper.framework; includeInIndex = 0; path = Pods_Join.framework; sourceTree = BUILT_PRODUCTS_DIR; };
		BF42FA31290BE2AA00501789 /* Join.app */ = {isa = PBXFileReference; explicitFileType = wrapper.application; includeInIndex = 0; path = Join.app; sourceTree = BUILT_PRODUCTS_DIR; };
		BF42FA34290BE2AA00501789 /* AppDelegate.swift */ = {isa = PBXFileReference; lastKnownFileType = sourcecode.swift; path = AppDelegate.swift; sourceTree = "<group>"; };
		BF42FA36290BE2AA00501789 /* SceneDelegate.swift */ = {isa = PBXFileReference; lastKnownFileType = sourcecode.swift; path = SceneDelegate.swift; sourceTree = "<group>"; };
		BF42FA38290BE2AA00501789 /* FindIdeasViewController.swift */ = {isa = PBXFileReference; lastKnownFileType = sourcecode.swift; path = FindIdeasViewController.swift; sourceTree = "<group>"; };
		BF42FA3B290BE2AA00501789 /* Base */ = {isa = PBXFileReference; lastKnownFileType = file.storyboard; name = Base; path = Base.lproj/Main.storyboard; sourceTree = "<group>"; };
		BF42FA3D290BE2AC00501789 /* Assets.xcassets */ = {isa = PBXFileReference; lastKnownFileType = folder.assetcatalog; path = Assets.xcassets; sourceTree = "<group>"; };
		BF42FA40290BE2AC00501789 /* Base */ = {isa = PBXFileReference; lastKnownFileType = file.storyboard; name = Base; path = Base.lproj/LaunchScreen.storyboard; sourceTree = "<group>"; };
		BF42FA42290BE2AC00501789 /* Info.plist */ = {isa = PBXFileReference; lastKnownFileType = text.plist.xml; path = Info.plist; sourceTree = "<group>"; };
		BF42FA55290CE89500501789 /* TabBarController.swift */ = {isa = PBXFileReference; lastKnownFileType = sourcecode.swift; path = TabBarController.swift; sourceTree = "<group>"; };
		BF42FA57290CEA5900501789 /* FindIdeas.storyboard */ = {isa = PBXFileReference; fileEncoding = 4; lastKnownFileType = file.storyboard; path = FindIdeas.storyboard; sourceTree = "<group>"; };
		BF42FA59290CEA7F00501789 /* FindPartners.storyboard */ = {isa = PBXFileReference; lastKnownFileType = file.storyboard; path = FindPartners.storyboard; sourceTree = "<group>"; };
		BF42FA5A290CEAB500501789 /* Chat.storyboard */ = {isa = PBXFileReference; lastKnownFileType = file.storyboard; name = Chat.storyboard; path = /Users/riley/Desktop/iOS/Courses/appworks/Join/Join/View/Chat.storyboard; sourceTree = "<absolute>"; };
		BF42FA5B290CEAD500501789 /* Personal.storyboard */ = {isa = PBXFileReference; lastKnownFileType = file.storyboard; path = Personal.storyboard; sourceTree = "<group>"; };
		BF42FA60290CEF4700501789 /* UIStoryboard+Ext.swift */ = {isa = PBXFileReference; lastKnownFileType = sourcecode.swift; path = "UIStoryboard+Ext.swift"; sourceTree = "<group>"; };
		BF42FA66290D04EF00501789 /* FindPartnersFormSections.swift */ = {isa = PBXFileReference; lastKnownFileType = sourcecode.swift; path = FindPartnersFormSections.swift; sourceTree = "<group>"; };
		BF42FA6B290D160900501789 /* SingleLineInputCell.xib */ = {isa = PBXFileReference; lastKnownFileType = file.xib; path = SingleLineInputCell.xib; sourceTree = "<group>"; };
		BF42FA6D290D178400501789 /* UIView+Ext.swift */ = {isa = PBXFileReference; lastKnownFileType = sourcecode.swift; path = "UIView+Ext.swift"; sourceTree = "<group>"; };
		BF42FA70290D196200501789 /* SingleLineInputCell.swift */ = {isa = PBXFileReference; lastKnownFileType = sourcecode.swift; path = SingleLineInputCell.swift; sourceTree = "<group>"; };
		BF42FA72290D197000501789 /* TableViewCell.swift */ = {isa = PBXFileReference; lastKnownFileType = sourcecode.swift; path = TableViewCell.swift; sourceTree = "<group>"; };
		BF42FA75290D1CD800501789 /* FindPartnersBasicViewController.swift */ = {isa = PBXFileReference; lastKnownFileType = sourcecode.swift; path = FindPartnersBasicViewController.swift; sourceTree = "<group>"; };
		BF42FA7B290D2ADB00501789 /* MultilineInputCell.swift */ = {isa = PBXFileReference; lastKnownFileType = sourcecode.swift; path = MultilineInputCell.swift; sourceTree = "<group>"; };
		BF42FA7C290D2ADB00501789 /* MultilineInputCell.xib */ = {isa = PBXFileReference; lastKnownFileType = file.xib; path = MultilineInputCell.xib; sourceTree = "<group>"; };
		BF42FA7F290D31EF00501789 /* GoNextPageCell.swift */ = {isa = PBXFileReference; lastKnownFileType = sourcecode.swift; path = GoNextPageCell.swift; sourceTree = "<group>"; };
		BF42FA80290D31EF00501789 /* GoNextPageCell.xib */ = {isa = PBXFileReference; lastKnownFileType = file.xib; path = GoNextPageCell.xib; sourceTree = "<group>"; };
		BF42FAAD290F6B7F00501789 /* GoogleService-Info.plist */ = {isa = PBXFileReference; fileEncoding = 4; lastKnownFileType = text.plist.xml; path = "GoogleService-Info.plist"; sourceTree = "<group>"; };
		BF42FAAF290F7E9000501789 /* SelectionCategoriesViewController.swift */ = {isa = PBXFileReference; lastKnownFileType = sourcecode.swift; path = SelectionCategoriesViewController.swift; sourceTree = "<group>"; };
		E73F750E744AEAB2F0006E8B /* Pods-Join.debug.xcconfig */ = {isa = PBXFileReference; includeInIndex = 1; lastKnownFileType = text.xcconfig; name = "Pods-Join.debug.xcconfig"; path = "Target Support Files/Pods-Join/Pods-Join.debug.xcconfig"; sourceTree = "<group>"; };
		F30624BA8F470C0A1492643F /* Pods-Join.release.xcconfig */ = {isa = PBXFileReference; includeInIndex = 1; lastKnownFileType = text.xcconfig; name = "Pods-Join.release.xcconfig"; path = "Target Support Files/Pods-Join/Pods-Join.release.xcconfig"; sourceTree = "<group>"; };
/* End PBXFileReference section */

/* Begin PBXFrameworksBuildPhase section */
		BF42FA2E290BE2AA00501789 /* Frameworks */ = {
			isa = PBXFrameworksBuildPhase;
			buildActionMask = 2147483647;
			files = (
				2585457536E3C3F568F3A4AC /* Pods_Join.framework in Frameworks */,
			);
			runOnlyForDeploymentPostprocessing = 0;
		};
/* End PBXFrameworksBuildPhase section */

/* Begin PBXGroup section */
		09D811129905FA3D45C81FF1 /* Pods */ = {
			isa = PBXGroup;
			children = (
				E73F750E744AEAB2F0006E8B /* Pods-Join.debug.xcconfig */,
				F30624BA8F470C0A1492643F /* Pods-Join.release.xcconfig */,
			);
			path = Pods;
			sourceTree = "<group>";
		};
		9161D55750AF9927F85CBE4F /* Frameworks */ = {
			isa = PBXGroup;
			children = (
				95A33A59C05820643F8B2FFB /* Pods_Join.framework */,
			);
			name = Frameworks;
			sourceTree = "<group>";
		};
		BF42FA28290BE2AA00501789 = {
			isa = PBXGroup;
			children = (
				BF42FA33290BE2AA00501789 /* Join */,
				BF42FA32290BE2AA00501789 /* Products */,
				09D811129905FA3D45C81FF1 /* Pods */,
				9161D55750AF9927F85CBE4F /* Frameworks */,
			);
			sourceTree = "<group>";
		};
		BF42FA32290BE2AA00501789 /* Products */ = {
			isa = PBXGroup;
			children = (
				BF42FA31290BE2AA00501789 /* Join.app */,
			);
			name = Products;
			sourceTree = "<group>";
		};
		BF42FA33290BE2AA00501789 /* Join */ = {
			isa = PBXGroup;
			children = (
				BF42FA52290CE63C00501789 /* Model */,
				BF42FA50290CE5C400501789 /* Controller */,
				BF42FA53290CE64300501789 /* View */,
				BF42FA34290BE2AA00501789 /* AppDelegate.swift */,
				BF42FA36290BE2AA00501789 /* SceneDelegate.swift */,
				BF42FA5F290CEF2C00501789 /* Extension */,
				BF42FA51290CE5D400501789 /* Resources */,
			);
			path = Join;
			sourceTree = "<group>";
		};
		BF42FA50290CE5C400501789 /* Controller */ = {
			isa = PBXGroup;
			children = (
				BF42FA74290D1C8500501789 /* FindPartners */,
				BF42FA54290CE86700501789 /* Base */,
				BF42FA38290BE2AA00501789 /* FindIdeasViewController.swift */,
			);
			path = Controller;
			sourceTree = "<group>";
		};
		BF42FA51290CE5D400501789 /* Resources */ = {
			isa = PBXGroup;
			children = (
				BF42FA65290D03BD00501789 /* Constant */,
				BF42FA3D290BE2AC00501789 /* Assets.xcassets */,
				BF42FA3F290BE2AC00501789 /* LaunchScreen.storyboard */,
				BF42FA42290BE2AC00501789 /* Info.plist */,
				BF42FAAD290F6B7F00501789 /* GoogleService-Info.plist */,
			);
			path = Resources;
			sourceTree = "<group>";
		};
		BF42FA52290CE63C00501789 /* Model */ = {
			isa = PBXGroup;
			children = (
			);
			path = Model;
			sourceTree = "<group>";
		};
		BF42FA53290CE64300501789 /* View */ = {
			isa = PBXGroup;
			children = (
				BF42FA7A290D268F00501789 /* Base */,
				BF42FA6A290D14CC00501789 /* Form */,
				BF42FA3A290BE2AA00501789 /* Main.storyboard */,
				BF42FA57290CEA5900501789 /* FindIdeas.storyboard */,
				BF42FA59290CEA7F00501789 /* FindPartners.storyboard */,
				BF42FA5A290CEAB500501789 /* Chat.storyboard */,
				BF42FA5B290CEAD500501789 /* Personal.storyboard */,
			);
			path = View;
			sourceTree = "<group>";
		};
		BF42FA54290CE86700501789 /* Base */ = {
			isa = PBXGroup;
			children = (
				BF42FA55290CE89500501789 /* TabBarController.swift */,
			);
			path = Base;
			sourceTree = "<group>";
		};
		BF42FA5F290CEF2C00501789 /* Extension */ = {
			isa = PBXGroup;
			children = (
				BF42FA60290CEF4700501789 /* UIStoryboard+Ext.swift */,
				BF42FA6D290D178400501789 /* UIView+Ext.swift */,
			);
			path = Extension;
			sourceTree = "<group>";
		};
		BF42FA65290D03BD00501789 /* Constant */ = {
			isa = PBXGroup;
			children = (
				BF42FA66290D04EF00501789 /* FindPartnersFormSections.swift */,
			);
			path = Constant;
			sourceTree = "<group>";
		};
		BF42FA6A290D14CC00501789 /* Form */ = {
			isa = PBXGroup;
			children = (
				BF42FA70290D196200501789 /* SingleLineInputCell.swift */,
				BF42FA6B290D160900501789 /* SingleLineInputCell.xib */,
				BF42FA7B290D2ADB00501789 /* MultilineInputCell.swift */,
				BF42FA7C290D2ADB00501789 /* MultilineInputCell.xib */,
				BF42FA7F290D31EF00501789 /* GoNextPageCell.swift */,
				BF42FA80290D31EF00501789 /* GoNextPageCell.xib */,
			);
			path = Form;
			sourceTree = "<group>";
		};
		BF42FA74290D1C8500501789 /* FindPartners */ = {
			isa = PBXGroup;
			children = (
				BF42FA75290D1CD800501789 /* FindPartnersBasicViewController.swift */,
				BF42FAAF290F7E9000501789 /* SelectionCategoriesViewController.swift */,
			);
			path = FindPartners;
			sourceTree = "<group>";
		};
		BF42FA7A290D268F00501789 /* Base */ = {
			isa = PBXGroup;
			children = (
				BF42FA72290D197000501789 /* TableViewCell.swift */,
			);
			path = Base;
			sourceTree = "<group>";
		};
/* End PBXGroup section */

/* Begin PBXNativeTarget section */
		BF42FA30290BE2AA00501789 /* Join */ = {
			isa = PBXNativeTarget;
			buildConfigurationList = BF42FA45290BE2AC00501789 /* Build configuration list for PBXNativeTarget "Join" */;
			buildPhases = (
				5DE3F58FF8D83EFD48570455 /* [CP] Check Pods Manifest.lock */,
				BF42FA2D290BE2AA00501789 /* Sources */,
				BF42FA2E290BE2AA00501789 /* Frameworks */,
				BF42FA2F290BE2AA00501789 /* Resources */,
				BF42FA48290BE37100501789 /* ShellScript */,
				B544A008D19CD6F33AE276C9 /* [CP] Embed Pods Frameworks */,
			);
			buildRules = (
			);
			dependencies = (
			);
			name = Join;
			productName = Join;
			productReference = BF42FA31290BE2AA00501789 /* Join.app */;
			productType = "com.apple.product-type.application";
		};
/* End PBXNativeTarget section */

/* Begin PBXProject section */
		BF42FA29290BE2AA00501789 /* Project object */ = {
			isa = PBXProject;
			attributes = {
				BuildIndependentTargetsInParallel = 1;
				LastSwiftUpdateCheck = 1340;
				LastUpgradeCheck = 1340;
				TargetAttributes = {
					BF42FA30290BE2AA00501789 = {
						CreatedOnToolsVersion = 13.4.1;
					};
				};
			};
			buildConfigurationList = BF42FA2C290BE2AA00501789 /* Build configuration list for PBXProject "Join" */;
			compatibilityVersion = "Xcode 13.0";
			developmentRegion = en;
			hasScannedForEncodings = 0;
			knownRegions = (
				en,
				Base,
			);
			mainGroup = BF42FA28290BE2AA00501789;
			productRefGroup = BF42FA32290BE2AA00501789 /* Products */;
			projectDirPath = "";
			projectRoot = "";
			targets = (
				BF42FA30290BE2AA00501789 /* Join */,
			);
		};
/* End PBXProject section */

/* Begin PBXResourcesBuildPhase section */
		BF42FA2F290BE2AA00501789 /* Resources */ = {
			isa = PBXResourcesBuildPhase;
			buildActionMask = 2147483647;
			files = (
				BF42FA7E290D2ADB00501789 /* MultilineInputCell.xib in Resources */,
				BF42FA79290D264100501789 /* SingleLineInputCell.xib in Resources */,
				BF42FA5D290CED7100501789 /* Chat.storyboard in Resources */,
				BF42FA41290BE2AC00501789 /* LaunchScreen.storyboard in Resources */,
				BF42FA58290CEA5900501789 /* FindIdeas.storyboard in Resources */,
				BF42FA5C290CED6C00501789 /* FindPartners.storyboard in Resources */,
				BF42FA3E290BE2AC00501789 /* Assets.xcassets in Resources */,
				BF42FA5E290CED7400501789 /* Personal.storyboard in Resources */,
				BF42FAAE290F6B8000501789 /* GoogleService-Info.plist in Resources */,
				BF42FA82290D31EF00501789 /* GoNextPageCell.xib in Resources */,
				BF42FA3C290BE2AA00501789 /* Main.storyboard in Resources */,
			);
			runOnlyForDeploymentPostprocessing = 0;
		};
/* End PBXResourcesBuildPhase section */

/* Begin PBXShellScriptBuildPhase section */
		5DE3F58FF8D83EFD48570455 /* [CP] Check Pods Manifest.lock */ = {
			isa = PBXShellScriptBuildPhase;
			buildActionMask = 2147483647;
			files = (
			);
			inputFileListPaths = (
			);
			inputPaths = (
				"${PODS_PODFILE_DIR_PATH}/Podfile.lock",
				"${PODS_ROOT}/Manifest.lock",
			);
			name = "[CP] Check Pods Manifest.lock";
			outputFileListPaths = (
			);
			outputPaths = (
				"$(DERIVED_FILE_DIR)/Pods-Join-checkManifestLockResult.txt",
			);
			runOnlyForDeploymentPostprocessing = 0;
			shellPath = /bin/sh;
			shellScript = "diff \"${PODS_PODFILE_DIR_PATH}/Podfile.lock\" \"${PODS_ROOT}/Manifest.lock\" > /dev/null\nif [ $? != 0 ] ; then\n    # print error to STDERR\n    echo \"error: The sandbox is not in sync with the Podfile.lock. Run 'pod install' or update your CocoaPods installation.\" >&2\n    exit 1\nfi\n# This output is used by Xcode 'outputs' to avoid re-running this script phase.\necho \"SUCCESS\" > \"${SCRIPT_OUTPUT_FILE_0}\"\n";
			showEnvVarsInLog = 0;
		};
		B544A008D19CD6F33AE276C9 /* [CP] Embed Pods Frameworks */ = {
			isa = PBXShellScriptBuildPhase;
			buildActionMask = 2147483647;
			files = (
			);
			inputFileListPaths = (
				"${PODS_ROOT}/Target Support Files/Pods-Join/Pods-Join-frameworks-${CONFIGURATION}-input-files.xcfilelist",
			);
			name = "[CP] Embed Pods Frameworks";
			outputFileListPaths = (
				"${PODS_ROOT}/Target Support Files/Pods-Join/Pods-Join-frameworks-${CONFIGURATION}-output-files.xcfilelist",
			);
			runOnlyForDeploymentPostprocessing = 0;
			shellPath = /bin/sh;
			shellScript = "\"${PODS_ROOT}/Target Support Files/Pods-Join/Pods-Join-frameworks.sh\"\n";
			showEnvVarsInLog = 0;
		};
		BF42FA48290BE37100501789 /* ShellScript */ = {
			isa = PBXShellScriptBuildPhase;
			buildActionMask = 2147483647;
			files = (
			);
			inputFileListPaths = (
			);
			inputPaths = (
			);
			outputFileListPaths = (
			);
			outputPaths = (
			);
			runOnlyForDeploymentPostprocessing = 0;
			shellPath = /bin/sh;
			shellScript = "export PATH=\"$PATH:/opt/homebrew/bin\"\nif which swiftlint > /dev/null; then\n  swiftlint\nelse\n  echo \"warning: SwiftLint not installed, download from https://github.com/realm/SwiftLint\"\nfi\n";
		};
/* End PBXShellScriptBuildPhase section */

/* Begin PBXSourcesBuildPhase section */
		BF42FA2D290BE2AA00501789 /* Sources */ = {
			isa = PBXSourcesBuildPhase;
			buildActionMask = 2147483647;
			files = (
				BF42FAB0290F7E9000501789 /* SelectionCategoriesViewController.swift in Sources */,
				BF42FA67290D04EF00501789 /* FindPartnersFormSections.swift in Sources */,
				BF42FA56290CE89500501789 /* TabBarController.swift in Sources */,
				BF42FA7D290D2ADB00501789 /* MultilineInputCell.swift in Sources */,
				BF42FA39290BE2AA00501789 /* FindIdeasViewController.swift in Sources */,
				BF42FA73290D197000501789 /* TableViewCell.swift in Sources */,
				BF42FA81290D31EF00501789 /* GoNextPageCell.swift in Sources */,
				BF42FA35290BE2AA00501789 /* AppDelegate.swift in Sources */,
				BF42FA76290D1CD800501789 /* FindPartnersBasicViewController.swift in Sources */,
				BF42FA6E290D178400501789 /* UIView+Ext.swift in Sources */,
				BF42FA71290D196200501789 /* SingleLineInputCell.swift in Sources */,
				BF42FA37290BE2AA00501789 /* SceneDelegate.swift in Sources */,
				BF42FA61290CEF4700501789 /* UIStoryboard+Ext.swift in Sources */,
			);
			runOnlyForDeploymentPostprocessing = 0;
		};
/* End PBXSourcesBuildPhase section */

/* Begin PBXVariantGroup section */
		BF42FA3A290BE2AA00501789 /* Main.storyboard */ = {
			isa = PBXVariantGroup;
			children = (
				BF42FA3B290BE2AA00501789 /* Base */,
			);
			name = Main.storyboard;
			sourceTree = "<group>";
		};
		BF42FA3F290BE2AC00501789 /* LaunchScreen.storyboard */ = {
			isa = PBXVariantGroup;
			children = (
				BF42FA40290BE2AC00501789 /* Base */,
			);
			name = LaunchScreen.storyboard;
			sourceTree = "<group>";
		};
/* End PBXVariantGroup section */

/* Begin XCBuildConfiguration section */
		BF42FA43290BE2AC00501789 /* Debug */ = {
			isa = XCBuildConfiguration;
			buildSettings = {
				ALWAYS_SEARCH_USER_PATHS = NO;
				CLANG_ANALYZER_NONNULL = YES;
				CLANG_ANALYZER_NUMBER_OBJECT_CONVERSION = YES_AGGRESSIVE;
				CLANG_CXX_LANGUAGE_STANDARD = "gnu++17";
				CLANG_ENABLE_MODULES = YES;
				CLANG_ENABLE_OBJC_ARC = YES;
				CLANG_ENABLE_OBJC_WEAK = YES;
				CLANG_WARN_BLOCK_CAPTURE_AUTORELEASING = YES;
				CLANG_WARN_BOOL_CONVERSION = YES;
				CLANG_WARN_COMMA = YES;
				CLANG_WARN_CONSTANT_CONVERSION = YES;
				CLANG_WARN_DEPRECATED_OBJC_IMPLEMENTATIONS = YES;
				CLANG_WARN_DIRECT_OBJC_ISA_USAGE = YES_ERROR;
				CLANG_WARN_DOCUMENTATION_COMMENTS = YES;
				CLANG_WARN_EMPTY_BODY = YES;
				CLANG_WARN_ENUM_CONVERSION = YES;
				CLANG_WARN_INFINITE_RECURSION = YES;
				CLANG_WARN_INT_CONVERSION = YES;
				CLANG_WARN_NON_LITERAL_NULL_CONVERSION = YES;
				CLANG_WARN_OBJC_IMPLICIT_RETAIN_SELF = YES;
				CLANG_WARN_OBJC_LITERAL_CONVERSION = YES;
				CLANG_WARN_OBJC_ROOT_CLASS = YES_ERROR;
				CLANG_WARN_QUOTED_INCLUDE_IN_FRAMEWORK_HEADER = YES;
				CLANG_WARN_RANGE_LOOP_ANALYSIS = YES;
				CLANG_WARN_STRICT_PROTOTYPES = YES;
				CLANG_WARN_SUSPICIOUS_MOVE = YES;
				CLANG_WARN_UNGUARDED_AVAILABILITY = YES_AGGRESSIVE;
				CLANG_WARN_UNREACHABLE_CODE = YES;
				CLANG_WARN__DUPLICATE_METHOD_MATCH = YES;
				COPY_PHASE_STRIP = NO;
				DEBUG_INFORMATION_FORMAT = dwarf;
				ENABLE_STRICT_OBJC_MSGSEND = YES;
				ENABLE_TESTABILITY = YES;
				GCC_C_LANGUAGE_STANDARD = gnu11;
				GCC_DYNAMIC_NO_PIC = NO;
				GCC_NO_COMMON_BLOCKS = YES;
				GCC_OPTIMIZATION_LEVEL = 0;
				GCC_PREPROCESSOR_DEFINITIONS = (
					"DEBUG=1",
					"$(inherited)",
				);
				GCC_WARN_64_TO_32_BIT_CONVERSION = YES;
				GCC_WARN_ABOUT_RETURN_TYPE = YES_ERROR;
				GCC_WARN_UNDECLARED_SELECTOR = YES;
				GCC_WARN_UNINITIALIZED_AUTOS = YES_AGGRESSIVE;
				GCC_WARN_UNUSED_FUNCTION = YES;
				GCC_WARN_UNUSED_VARIABLE = YES;
				IPHONEOS_DEPLOYMENT_TARGET = 14.0;
				MTL_ENABLE_DEBUG_INFO = INCLUDE_SOURCE;
				MTL_FAST_MATH = YES;
				ONLY_ACTIVE_ARCH = YES;
				SDKROOT = iphoneos;
				SWIFT_ACTIVE_COMPILATION_CONDITIONS = DEBUG;
				SWIFT_OPTIMIZATION_LEVEL = "-Onone";
			};
			name = Debug;
		};
		BF42FA44290BE2AC00501789 /* Release */ = {
			isa = XCBuildConfiguration;
			buildSettings = {
				ALWAYS_SEARCH_USER_PATHS = NO;
				CLANG_ANALYZER_NONNULL = YES;
				CLANG_ANALYZER_NUMBER_OBJECT_CONVERSION = YES_AGGRESSIVE;
				CLANG_CXX_LANGUAGE_STANDARD = "gnu++17";
				CLANG_ENABLE_MODULES = YES;
				CLANG_ENABLE_OBJC_ARC = YES;
				CLANG_ENABLE_OBJC_WEAK = YES;
				CLANG_WARN_BLOCK_CAPTURE_AUTORELEASING = YES;
				CLANG_WARN_BOOL_CONVERSION = YES;
				CLANG_WARN_COMMA = YES;
				CLANG_WARN_CONSTANT_CONVERSION = YES;
				CLANG_WARN_DEPRECATED_OBJC_IMPLEMENTATIONS = YES;
				CLANG_WARN_DIRECT_OBJC_ISA_USAGE = YES_ERROR;
				CLANG_WARN_DOCUMENTATION_COMMENTS = YES;
				CLANG_WARN_EMPTY_BODY = YES;
				CLANG_WARN_ENUM_CONVERSION = YES;
				CLANG_WARN_INFINITE_RECURSION = YES;
				CLANG_WARN_INT_CONVERSION = YES;
				CLANG_WARN_NON_LITERAL_NULL_CONVERSION = YES;
				CLANG_WARN_OBJC_IMPLICIT_RETAIN_SELF = YES;
				CLANG_WARN_OBJC_LITERAL_CONVERSION = YES;
				CLANG_WARN_OBJC_ROOT_CLASS = YES_ERROR;
				CLANG_WARN_QUOTED_INCLUDE_IN_FRAMEWORK_HEADER = YES;
				CLANG_WARN_RANGE_LOOP_ANALYSIS = YES;
				CLANG_WARN_STRICT_PROTOTYPES = YES;
				CLANG_WARN_SUSPICIOUS_MOVE = YES;
				CLANG_WARN_UNGUARDED_AVAILABILITY = YES_AGGRESSIVE;
				CLANG_WARN_UNREACHABLE_CODE = YES;
				CLANG_WARN__DUPLICATE_METHOD_MATCH = YES;
				COPY_PHASE_STRIP = NO;
				DEBUG_INFORMATION_FORMAT = "dwarf-with-dsym";
				ENABLE_NS_ASSERTIONS = NO;
				ENABLE_STRICT_OBJC_MSGSEND = YES;
				GCC_C_LANGUAGE_STANDARD = gnu11;
				GCC_NO_COMMON_BLOCKS = YES;
				GCC_WARN_64_TO_32_BIT_CONVERSION = YES;
				GCC_WARN_ABOUT_RETURN_TYPE = YES_ERROR;
				GCC_WARN_UNDECLARED_SELECTOR = YES;
				GCC_WARN_UNINITIALIZED_AUTOS = YES_AGGRESSIVE;
				GCC_WARN_UNUSED_FUNCTION = YES;
				GCC_WARN_UNUSED_VARIABLE = YES;
				IPHONEOS_DEPLOYMENT_TARGET = 14.0;
				MTL_ENABLE_DEBUG_INFO = NO;
				MTL_FAST_MATH = YES;
				SDKROOT = iphoneos;
				SWIFT_COMPILATION_MODE = wholemodule;
				SWIFT_OPTIMIZATION_LEVEL = "-O";
				VALIDATE_PRODUCT = YES;
			};
			name = Release;
		};
		BF42FA46290BE2AC00501789 /* Debug */ = {
			isa = XCBuildConfiguration;
			baseConfigurationReference = E73F750E744AEAB2F0006E8B /* Pods-Join.debug.xcconfig */;
			buildSettings = {
				ASSETCATALOG_COMPILER_APPICON_NAME = AppIcon;
				ASSETCATALOG_COMPILER_GLOBAL_ACCENT_COLOR_NAME = AccentColor;
				CODE_SIGN_STYLE = Automatic;
				CURRENT_PROJECT_VERSION = 1;
				DEVELOPMENT_TEAM = LC7DCZXZ89;
				GENERATE_INFOPLIST_FILE = YES;
				INFOPLIST_FILE = Join/Resources/Info.plist;
				INFOPLIST_KEY_UIApplicationSupportsIndirectInputEvents = YES;
				INFOPLIST_KEY_UILaunchStoryboardName = LaunchScreen;
				INFOPLIST_KEY_UIMainStoryboardFile = Main;
				INFOPLIST_KEY_UISupportedInterfaceOrientations_iPad = "UIInterfaceOrientationPortrait UIInterfaceOrientationPortraitUpsideDown UIInterfaceOrientationLandscapeLeft UIInterfaceOrientationLandscapeRight";
				INFOPLIST_KEY_UISupportedInterfaceOrientations_iPhone = "UIInterfaceOrientationPortrait UIInterfaceOrientationLandscapeLeft UIInterfaceOrientationLandscapeRight";
				LD_RUNPATH_SEARCH_PATHS = (
					"$(inherited)",
					"@executable_path/Frameworks",
				);
				MARKETING_VERSION = 1.0;
				PRODUCT_BUNDLE_IDENTIFIER = com.rileylai.Join;
				PRODUCT_NAME = "$(TARGET_NAME)";
				SWIFT_EMIT_LOC_STRINGS = YES;
				SWIFT_VERSION = 5.0;
				TARGETED_DEVICE_FAMILY = "1,2";
			};
			name = Debug;
		};
		BF42FA47290BE2AC00501789 /* Release */ = {
			isa = XCBuildConfiguration;
			baseConfigurationReference = F30624BA8F470C0A1492643F /* Pods-Join.release.xcconfig */;
			buildSettings = {
				ASSETCATALOG_COMPILER_APPICON_NAME = AppIcon;
				ASSETCATALOG_COMPILER_GLOBAL_ACCENT_COLOR_NAME = AccentColor;
				CODE_SIGN_STYLE = Automatic;
				CURRENT_PROJECT_VERSION = 1;
				DEVELOPMENT_TEAM = LC7DCZXZ89;
				GENERATE_INFOPLIST_FILE = YES;
				INFOPLIST_FILE = Join/Resources/Info.plist;
				INFOPLIST_KEY_UIApplicationSupportsIndirectInputEvents = YES;
				INFOPLIST_KEY_UILaunchStoryboardName = LaunchScreen;
				INFOPLIST_KEY_UIMainStoryboardFile = Main;
				INFOPLIST_KEY_UISupportedInterfaceOrientations_iPad = "UIInterfaceOrientationPortrait UIInterfaceOrientationPortraitUpsideDown UIInterfaceOrientationLandscapeLeft UIInterfaceOrientationLandscapeRight";
				INFOPLIST_KEY_UISupportedInterfaceOrientations_iPhone = "UIInterfaceOrientationPortrait UIInterfaceOrientationLandscapeLeft UIInterfaceOrientationLandscapeRight";
				LD_RUNPATH_SEARCH_PATHS = (
					"$(inherited)",
					"@executable_path/Frameworks",
				);
				MARKETING_VERSION = 1.0;
				PRODUCT_BUNDLE_IDENTIFIER = com.rileylai.Join;
				PRODUCT_NAME = "$(TARGET_NAME)";
				SWIFT_EMIT_LOC_STRINGS = YES;
				SWIFT_VERSION = 5.0;
				TARGETED_DEVICE_FAMILY = "1,2";
			};
			name = Release;
		};
/* End XCBuildConfiguration section */

/* Begin XCConfigurationList section */
		BF42FA2C290BE2AA00501789 /* Build configuration list for PBXProject "Join" */ = {
			isa = XCConfigurationList;
			buildConfigurations = (
				BF42FA43290BE2AC00501789 /* Debug */,
				BF42FA44290BE2AC00501789 /* Release */,
			);
			defaultConfigurationIsVisible = 0;
			defaultConfigurationName = Release;
		};
		BF42FA45290BE2AC00501789 /* Build configuration list for PBXNativeTarget "Join" */ = {
			isa = XCConfigurationList;
			buildConfigurations = (
				BF42FA46290BE2AC00501789 /* Debug */,
				BF42FA47290BE2AC00501789 /* Release */,
			);
			defaultConfigurationIsVisible = 0;
			defaultConfigurationName = Release;
		};
/* End XCConfigurationList section */
	};
	rootObject = BF42FA29290BE2AA00501789 /* Project object */;
}
